
Microsoft Visual Studio Solution File, Format Version 12.00
Project("{FAE04EC0-301F-11D3-BF4B-00C04F79EFBC}") = "xUnitPractice", "xUnitPractice\xUnitPractice.csproj", "{29A3D79C-9356-493D-B255-CB9683A9182F}"
EndProject
Project("{FAE04EC0-301F-11D3-BF4B-00C04F79EFBC}") = "xUnitPractice.Tests", "xUnitPractice.Tests\xUnitPractice.Tests.csproj", "{BA98515A-007E-4FBF-A901-52C46393B2B6}"
EndProject
Global
	GlobalSection(SolutionConfigurationPlatforms) = preSolution
		Debug|Any CPU = Debug|Any CPU
		Release|Any CPU = Release|Any CPU
	EndGlobalSection
	GlobalSection(ProjectConfigurationPlatforms) = postSolution
		{29A3D79C-9356-493D-B255-CB9683A9182F}.Debug|Any CPU.ActiveCfg = Debug|Any CPU
		{29A3D79C-9356-493D-B255-CB9683A9182F}.Debug|Any CPU.Build.0 = Debug|Any CPU
		{29A3D79C-9356-493D-B255-CB9683A9182F}.Release|Any CPU.ActiveCfg = Release|Any CPU
		{29A3D79C-9356-493D-B255-CB9683A9182F}.Release|Any CPU.Build.0 = Release|Any CPU
		{BA98515A-007E-4FBF-A901-52C46393B2B6}.Debug|Any CPU.ActiveCfg = Debug|Any CPU
		{BA98515A-007E-4FBF-A901-52C46393B2B6}.Debug|Any CPU.Build.0 = Debug|Any CPU
		{BA98515A-007E-4FBF-A901-52C46393B2B6}.Release|Any CPU.ActiveCfg = Release|Any CPU
		{BA98515A-007E-4FBF-A901-52C46393B2B6}.Release|Any CPU.Build.0 = Release|Any CPU
	EndGlobalSection
EndGlobal
